
Microsoft Visual Studio Solution File, Format Version 12.00
Project("{FAE04EC0-301F-11D3-BF4B-00C04F79EFBC}") = "Day1", "Day1\Day1.csproj", "{1CBFAFB0-0F1E-4137-89BF-9A86415B409A}"
EndProject
Project("{FAE04EC0-301F-11D3-BF4B-00C04F79EFBC}") = "Day2", "Day2\Day2.csproj", "{EE3A29AE-F3E3-4F23-8356-3BEE8C1A82D1}"
EndProject
Project("{FAE04EC0-301F-11D3-BF4B-00C04F79EFBC}") = "Day3", "Day3\Day3.csproj", "{617D7F8E-AFDA-4B58-AC69-509442478FF7}"
EndProject
Project("{FAE04EC0-301F-11D3-BF4B-00C04F79EFBC}") = "Day4", "Day4\Day4.csproj", "{A4B75111-19EB-4981-AECE-2BAC7B6B05BB}"
EndProject
Project("{FAE04EC0-301F-11D3-BF4B-00C04F79EFBC}") = "Day5", "Day5\Day5.csproj", "{FF91EDC7-5EF1-433F-A6AE-32F1138BFBA0}"
EndProject
Project("{FAE04EC0-301F-11D3-BF4B-00C04F79EFBC}") = "Day6", "Day6\Day6.csproj", "{2AD7CD60-CB8A-4E96-91E5-52491E11ABE0}"
EndProject
Project("{FAE04EC0-301F-11D3-BF4B-00C04F79EFBC}") = "Day7", "Day7\Day7.csproj", "{CAC1910B-E981-49C1-A484-6B08C2F305DE}"
EndProject
Global
	GlobalSection(SolutionConfigurationPlatforms) = preSolution
		Debug|Any CPU = Debug|Any CPU
		Release|Any CPU = Release|Any CPU
	EndGlobalSection
	GlobalSection(ProjectConfigurationPlatforms) = postSolution
		{1CBFAFB0-0F1E-4137-89BF-9A86415B409A}.Debug|Any CPU.ActiveCfg = Debug|Any CPU
		{1CBFAFB0-0F1E-4137-89BF-9A86415B409A}.Debug|Any CPU.Build.0 = Debug|Any CPU
		{1CBFAFB0-0F1E-4137-89BF-9A86415B409A}.Release|Any CPU.ActiveCfg = Release|Any CPU
		{1CBFAFB0-0F1E-4137-89BF-9A86415B409A}.Release|Any CPU.Build.0 = Release|Any CPU
		{EE3A29AE-F3E3-4F23-8356-3BEE8C1A82D1}.Debug|Any CPU.ActiveCfg = Debug|Any CPU
		{EE3A29AE-F3E3-4F23-8356-3BEE8C1A82D1}.Debug|Any CPU.Build.0 = Debug|Any CPU
		{EE3A29AE-F3E3-4F23-8356-3BEE8C1A82D1}.Release|Any CPU.ActiveCfg = Release|Any CPU
		{EE3A29AE-F3E3-4F23-8356-3BEE8C1A82D1}.Release|Any CPU.Build.0 = Release|Any CPU
		{617D7F8E-AFDA-4B58-AC69-509442478FF7}.Debug|Any CPU.ActiveCfg = Debug|Any CPU
		{617D7F8E-AFDA-4B58-AC69-509442478FF7}.Debug|Any CPU.Build.0 = Debug|Any CPU
		{617D7F8E-AFDA-4B58-AC69-509442478FF7}.Release|Any CPU.ActiveCfg = Release|Any CPU
		{617D7F8E-AFDA-4B58-AC69-509442478FF7}.Release|Any CPU.Build.0 = Release|Any CPU
		{A4B75111-19EB-4981-AECE-2BAC7B6B05BB}.Debug|Any CPU.ActiveCfg = Debug|Any CPU
		{A4B75111-19EB-4981-AECE-2BAC7B6B05BB}.Debug|Any CPU.Build.0 = Debug|Any CPU
		{A4B75111-19EB-4981-AECE-2BAC7B6B05BB}.Release|Any CPU.ActiveCfg = Release|Any CPU
		{A4B75111-19EB-4981-AECE-2BAC7B6B05BB}.Release|Any CPU.Build.0 = Release|Any CPU
		{FF91EDC7-5EF1-433F-A6AE-32F1138BFBA0}.Debug|Any CPU.ActiveCfg = Debug|Any CPU
		{FF91EDC7-5EF1-433F-A6AE-32F1138BFBA0}.Debug|Any CPU.Build.0 = Debug|Any CPU
		{FF91EDC7-5EF1-433F-A6AE-32F1138BFBA0}.Release|Any CPU.ActiveCfg = Release|Any CPU
		{FF91EDC7-5EF1-433F-A6AE-32F1138BFBA0}.Release|Any CPU.Build.0 = Release|Any CPU
		{2AD7CD60-CB8A-4E96-91E5-52491E11ABE0}.Debug|Any CPU.ActiveCfg = Debug|Any CPU
		{2AD7CD60-CB8A-4E96-91E5-52491E11ABE0}.Debug|Any CPU.Build.0 = Debug|Any CPU
		{2AD7CD60-CB8A-4E96-91E5-52491E11ABE0}.Release|Any CPU.ActiveCfg = Release|Any CPU
		{2AD7CD60-CB8A-4E96-91E5-52491E11ABE0}.Release|Any CPU.Build.0 = Release|Any CPU
		{CAC1910B-E981-49C1-A484-6B08C2F305DE}.Debug|Any CPU.ActiveCfg = Debug|Any CPU
		{CAC1910B-E981-49C1-A484-6B08C2F305DE}.Debug|Any CPU.Build.0 = Debug|Any CPU
		{CAC1910B-E981-49C1-A484-6B08C2F305DE}.Release|Any CPU.ActiveCfg = Release|Any CPU
		{CAC1910B-E981-49C1-A484-6B08C2F305DE}.Release|Any CPU.Build.0 = Release|Any CPU
	EndGlobalSection
EndGlobal
